
Microsoft Visual Studio Solution File, Format Version 12.00
# Visual Studio Version 17
VisualStudioVersion = 17.10.35013.160
MinimumVisualStudioVersion = 10.0.40219.1
Project("{FAE04EC0-301F-11D3-BF4B-00C04F79EFBC}") = "User Management System", "User Management System\User Management System.csproj", "{827577EF-DA0F-4018-932F-081E8BC79E8F}"
EndProject
Global
	GlobalSection(SolutionConfigurationPlatforms) = preSolution
		Debug|Any CPU = Debug|Any CPU
		Release|Any CPU = Release|Any CPU
	EndGlobalSection
	GlobalSection(ProjectConfigurationPlatforms) = postSolution
		{827577EF-DA0F-4018-932F-081E8BC79E8F}.Debug|Any CPU.ActiveCfg = Debug|Any CPU
		{827577EF-DA0F-4018-932F-081E8BC79E8F}.Debug|Any CPU.Build.0 = Debug|Any CPU
		{827577EF-DA0F-4018-932F-081E8BC79E8F}.Release|Any CPU.ActiveCfg = Release|Any CPU
		{827577EF-DA0F-4018-932F-081E8BC79E8F}.Release|Any CPU.Build.0 = Release|Any CPU
	EndGlobalSection
	GlobalSection(SolutionProperties) = preSolution
		HideSolutionNode = FALSE
	EndGlobalSection
	GlobalSection(ExtensibilityGlobals) = postSolution
		SolutionGuid = {A92FBA88-2573-43BB-B271-51AD9F60BA42}
	EndGlobalSection
EndGlobal
